
Microsoft Visual Studio Solution File, Format Version 12.00
# Visual Studio Version 17
VisualStudioVersion = 17.7.34024.191
MinimumVisualStudioVersion = 10.0.40219.1
Project("{FAE04EC0-301F-11D3-BF4B-00C04F79EFBC}") = "SendEmails", "SendEmails\SendEmails.csproj", "{65D94AEF-2BEF-425E-8A35-E93139865A9F}"
EndProject
Global
	GlobalSection(SolutionConfigurationPlatforms) = preSolution
		Debug|Any CPU = Debug|Any CPU
		Release|Any CPU = Release|Any CPU
	EndGlobalSection
	GlobalSection(ProjectConfigurationPlatforms) = postSolution
		{65D94AEF-2BEF-425E-8A35-E93139865A9F}.Debug|Any CPU.ActiveCfg = Debug|Any CPU
		{65D94AEF-2BEF-425E-8A35-E93139865A9F}.Debug|Any CPU.Build.0 = Debug|Any CPU
		{65D94AEF-2BEF-425E-8A35-E93139865A9F}.Release|Any CPU.ActiveCfg = Release|Any CPU
		{65D94AEF-2BEF-425E-8A35-E93139865A9F}.Release|Any CPU.Build.0 = Release|Any CPU
	EndGlobalSection
	GlobalSection(SolutionProperties) = preSolution
		HideSolutionNode = FALSE
	EndGlobalSection
	GlobalSection(ExtensibilityGlobals) = postSolution
		SolutionGuid = {7A4D698C-5A42-4ED7-9EBF-4C53E23BED48}
	EndGlobalSection
EndGlobal
